
Microsoft Visual Studio Solution File, Format Version 12.00
Project("{FAE04EC0-301F-11D3-BF4B-00C04F79EFBC}") = "DbcViewer", "DbcViewer\DbcViewer.csproj", "{00F0ABE8-8104-447E-B8B1-4D78D0B5974E}"
EndProject
Project("{FAE04EC0-301F-11D3-BF4B-00C04F79EFBC}") = "DbcViewer.Test", "DbcViewer.Test\DbcViewer.Test.csproj", "{5963D8F3-B45A-4A41-8F59-EAE57FF82A84}"
EndProject
Global
	GlobalSection(SolutionConfigurationPlatforms) = preSolution
		Debug|Any CPU = Debug|Any CPU
		Release|Any CPU = Release|Any CPU
	EndGlobalSection
	GlobalSection(ProjectConfigurationPlatforms) = postSolution
		{00F0ABE8-8104-447E-B8B1-4D78D0B5974E}.Debug|Any CPU.ActiveCfg = Debug|Any CPU
		{00F0ABE8-8104-447E-B8B1-4D78D0B5974E}.Debug|Any CPU.Build.0 = Debug|Any CPU
		{00F0ABE8-8104-447E-B8B1-4D78D0B5974E}.Release|Any CPU.ActiveCfg = Release|Any CPU
		{00F0ABE8-8104-447E-B8B1-4D78D0B5974E}.Release|Any CPU.Build.0 = Release|Any CPU
		{5963D8F3-B45A-4A41-8F59-EAE57FF82A84}.Debug|Any CPU.ActiveCfg = Debug|Any CPU
		{5963D8F3-B45A-4A41-8F59-EAE57FF82A84}.Debug|Any CPU.Build.0 = Debug|Any CPU
		{5963D8F3-B45A-4A41-8F59-EAE57FF82A84}.Release|Any CPU.ActiveCfg = Release|Any CPU
		{5963D8F3-B45A-4A41-8F59-EAE57FF82A84}.Release|Any CPU.Build.0 = Release|Any CPU
	EndGlobalSection
EndGlobal
